
Microsoft Visual Studio Solution File, Format Version 12.00
# Visual Studio Version 17
VisualStudioVersion = 17.11.35219.272
MinimumVisualStudioVersion = 10.0.40219.1
Project("{FAE04EC0-301F-11D3-BF4B-00C04F79EFBC}") = "SchoolManagementApi", "SchoolManagementApi\SchoolManagementApi.csproj", "{4D14BE10-7C62-4AFD-AFC1-A1678AF4BF12}"
EndProject
Global
	GlobalSection(SolutionConfigurationPlatforms) = preSolution
		Debug|Any CPU = Debug|Any CPU
		Release|Any CPU = Release|Any CPU
	EndGlobalSection
	GlobalSection(ProjectConfigurationPlatforms) = postSolution
		{4D14BE10-7C62-4AFD-AFC1-A1678AF4BF12}.Debug|Any CPU.ActiveCfg = Debug|Any CPU
		{4D14BE10-7C62-4AFD-AFC1-A1678AF4BF12}.Debug|Any CPU.Build.0 = Debug|Any CPU
		{4D14BE10-7C62-4AFD-AFC1-A1678AF4BF12}.Release|Any CPU.ActiveCfg = Release|Any CPU
		{4D14BE10-7C62-4AFD-AFC1-A1678AF4BF12}.Release|Any CPU.Build.0 = Release|Any CPU
	EndGlobalSection
	GlobalSection(SolutionProperties) = preSolution
		HideSolutionNode = FALSE
	EndGlobalSection
	GlobalSection(ExtensibilityGlobals) = postSolution
		SolutionGuid = {C465F360-80BD-4E58-89B7-63EAA9250F4D}
	EndGlobalSection
EndGlobal
